
Microsoft Visual Studio Solution File, Format Version 12.00
# Visual Studio 2012
Project("{FAE04EC0-301F-11D3-BF4B-00C04F79EFBC}") = "NopExtension.Plugins.PayFast", "NopExtension.Plugins.PayFast.csproj", "{A2C8A2FB-6FE4-4503-9F7C-7B92D76B49B3}"
EndProject
Global
	GlobalSection(TeamFoundationVersionControl) = preSolution
		SccNumberOfProjects = 2
		SccEnterpriseProvider = {4CA58AB2-18FA-4F8D-95D4-32DDF27D184C}
		SccTeamFoundationServer = https://halcyonetic.visualstudio.com/defaultcollection
		SccLocalPath0 = .
		SccProjectUniqueName1 = NopExtension.Plugins.PayFast.csproj
		SccLocalPath1 = .
	EndGlobalSection
	GlobalSection(SolutionConfigurationPlatforms) = preSolution
		Debug|Any CPU = Debug|Any CPU
		Release|Any CPU = Release|Any CPU
	EndGlobalSection
	GlobalSection(ProjectConfigurationPlatforms) = postSolution
		{A2C8A2FB-6FE4-4503-9F7C-7B92D76B49B3}.Debug|Any CPU.ActiveCfg = Debug|Any CPU
		{A2C8A2FB-6FE4-4503-9F7C-7B92D76B49B3}.Debug|Any CPU.Build.0 = Debug|Any CPU
		{A2C8A2FB-6FE4-4503-9F7C-7B92D76B49B3}.Release|Any CPU.ActiveCfg = Release|Any CPU
		{A2C8A2FB-6FE4-4503-9F7C-7B92D76B49B3}.Release|Any CPU.Build.0 = Release|Any CPU
	EndGlobalSection
	GlobalSection(SolutionProperties) = preSolution
		HideSolutionNode = FALSE
	EndGlobalSection
EndGlobal
